
Microsoft Visual Studio Solution File, Format Version 12.00
# Visual Studio Version 17
VisualStudioVersion = 17.1.32210.238
MinimumVisualStudioVersion = 10.0.40219.1
Project("{9A19103F-16F7-4668-BE54-9A1E7A4F7556}") = "Kernel", "Kernel.csproj", "{532E73CF-E0BD-4EAB-8171-B741E2347414}"
EndProject
Project("{FAE04EC0-301F-11D3-BF4B-00C04F79EFBC}") = "DataStructures", "..\..\libs\DataStructures\DataStructures.csproj", "{00AB9F54-5D47-4CF8-88B5-7DEB866530AE}"
EndProject
Global
	GlobalSection(SolutionConfigurationPlatforms) = preSolution
		Debug|Any CPU = Debug|Any CPU
		Release|Any CPU = Release|Any CPU
	EndGlobalSection
	GlobalSection(ProjectConfigurationPlatforms) = postSolution
		{532E73CF-E0BD-4EAB-8171-B741E2347414}.Debug|Any CPU.ActiveCfg = Debug|Any CPU
		{532E73CF-E0BD-4EAB-8171-B741E2347414}.Debug|Any CPU.Build.0 = Debug|Any CPU
		{532E73CF-E0BD-4EAB-8171-B741E2347414}.Release|Any CPU.ActiveCfg = Release|Any CPU
		{532E73CF-E0BD-4EAB-8171-B741E2347414}.Release|Any CPU.Build.0 = Release|Any CPU
		{00AB9F54-5D47-4CF8-88B5-7DEB866530AE}.Debug|Any CPU.ActiveCfg = Debug|Any CPU
		{00AB9F54-5D47-4CF8-88B5-7DEB866530AE}.Debug|Any CPU.Build.0 = Debug|Any CPU
		{00AB9F54-5D47-4CF8-88B5-7DEB866530AE}.Release|Any CPU.ActiveCfg = Release|Any CPU
		{00AB9F54-5D47-4CF8-88B5-7DEB866530AE}.Release|Any CPU.Build.0 = Release|Any CPU
	EndGlobalSection
	GlobalSection(SolutionProperties) = preSolution
		HideSolutionNode = FALSE
	EndGlobalSection
	GlobalSection(ExtensibilityGlobals) = postSolution
		SolutionGuid = {4663C625-98B4-40B2-8C3E-792B3CCF1F68}
	EndGlobalSection
EndGlobal
