
Microsoft Visual Studio Solution File, Format Version 12.00
# Visual Studio Version 17
VisualStudioVersion = 17.1.32210.238
MinimumVisualStudioVersion = 10.0.40219.1
Project("{FAE04EC0-301F-11D3-BF4B-00C04F79EFBC}") = "ModelTests", "ModelTests.csproj", "{4034B464-237C-4757-85FD-978F4CA8E4F4}"
EndProject
Project("{9A19103F-16F7-4668-BE54-9A1E7A4F7556}") = "DataStructures", "..\..\libs\DataStructures\DataStructures.csproj", "{EF6D8E2B-8262-4813-85C7-23929C9084D2}"
EndProject
Global
	GlobalSection(SolutionConfigurationPlatforms) = preSolution
		Debug|Any CPU = Debug|Any CPU
		Release|Any CPU = Release|Any CPU
	EndGlobalSection
	GlobalSection(ProjectConfigurationPlatforms) = postSolution
		{4034B464-237C-4757-85FD-978F4CA8E4F4}.Debug|Any CPU.ActiveCfg = Debug|Any CPU
		{4034B464-237C-4757-85FD-978F4CA8E4F4}.Debug|Any CPU.Build.0 = Debug|Any CPU
		{4034B464-237C-4757-85FD-978F4CA8E4F4}.Release|Any CPU.ActiveCfg = Release|Any CPU
		{4034B464-237C-4757-85FD-978F4CA8E4F4}.Release|Any CPU.Build.0 = Release|Any CPU
		{EF6D8E2B-8262-4813-85C7-23929C9084D2}.Debug|Any CPU.ActiveCfg = Debug|Any CPU
		{EF6D8E2B-8262-4813-85C7-23929C9084D2}.Debug|Any CPU.Build.0 = Debug|Any CPU
		{EF6D8E2B-8262-4813-85C7-23929C9084D2}.Release|Any CPU.ActiveCfg = Release|Any CPU
		{EF6D8E2B-8262-4813-85C7-23929C9084D2}.Release|Any CPU.Build.0 = Release|Any CPU
	EndGlobalSection
	GlobalSection(SolutionProperties) = preSolution
		HideSolutionNode = FALSE
	EndGlobalSection
	GlobalSection(ExtensibilityGlobals) = postSolution
		SolutionGuid = {0F793839-45F3-4435-824A-E2B4F25AA8A0}
	EndGlobalSection
EndGlobal
