
Microsoft Visual Studio Solution File, Format Version 12.00
# Visual Studio Version 17
VisualStudioVersion = 17.0.32112.339
MinimumVisualStudioVersion = 10.0.40219.1
Project("{FAE04EC0-301F-11D3-BF4B-00C04F79EFBC}") = "WA4D0GService", "WA4D0GService.csproj", "{1EDD53D9-0EA3-4677-87A5-1D9591560213}"
EndProject
Project("{9A19103F-16F7-4668-BE54-9A1E7A4F7556}") = "ElectronicDigitalSignature.Models", "..\..\..\ClassLibs\ElectronicDigitalSignature.Models\ElectronicDigitalSignature.Models.csproj", "{0E339EDE-545D-4501-BB71-31B4575D192C}"
EndProject
Project("{9A19103F-16F7-4668-BE54-9A1E7A4F7556}") = "ElectronicDigitalSignature.Services", "..\..\..\ClassLibs\ElectronicDigitalSignature.Services\ElectronicDigitalSignature.Services.csproj", "{E195FBEA-A317-4249-9821-98209A78D35E}"
EndProject
Global
	GlobalSection(SolutionConfigurationPlatforms) = preSolution
		Debug|Any CPU = Debug|Any CPU
		Release|Any CPU = Release|Any CPU
	EndGlobalSection
	GlobalSection(ProjectConfigurationPlatforms) = postSolution
		{1EDD53D9-0EA3-4677-87A5-1D9591560213}.Debug|Any CPU.ActiveCfg = Debug|Any CPU
		{1EDD53D9-0EA3-4677-87A5-1D9591560213}.Debug|Any CPU.Build.0 = Debug|Any CPU
		{1EDD53D9-0EA3-4677-87A5-1D9591560213}.Release|Any CPU.ActiveCfg = Release|Any CPU
		{1EDD53D9-0EA3-4677-87A5-1D9591560213}.Release|Any CPU.Build.0 = Release|Any CPU
		{0E339EDE-545D-4501-BB71-31B4575D192C}.Debug|Any CPU.ActiveCfg = Debug|Any CPU
		{0E339EDE-545D-4501-BB71-31B4575D192C}.Debug|Any CPU.Build.0 = Debug|Any CPU
		{0E339EDE-545D-4501-BB71-31B4575D192C}.Release|Any CPU.ActiveCfg = Release|Any CPU
		{0E339EDE-545D-4501-BB71-31B4575D192C}.Release|Any CPU.Build.0 = Release|Any CPU
		{E195FBEA-A317-4249-9821-98209A78D35E}.Debug|Any CPU.ActiveCfg = Debug|Any CPU
		{E195FBEA-A317-4249-9821-98209A78D35E}.Debug|Any CPU.Build.0 = Debug|Any CPU
		{E195FBEA-A317-4249-9821-98209A78D35E}.Release|Any CPU.ActiveCfg = Release|Any CPU
		{E195FBEA-A317-4249-9821-98209A78D35E}.Release|Any CPU.Build.0 = Release|Any CPU
	EndGlobalSection
	GlobalSection(SolutionProperties) = preSolution
		HideSolutionNode = FALSE
	EndGlobalSection
	GlobalSection(ExtensibilityGlobals) = postSolution
		SolutionGuid = {83C9292A-384E-4192-8AA3-092DE46BDFD7}
	EndGlobalSection
EndGlobal
