
Microsoft Visual Studio Solution File, Format Version 12.00
# Visual Studio Version 17
VisualStudioVersion = 17.1.32210.238
MinimumVisualStudioVersion = 10.0.40219.1
Project("{FAE04EC0-301F-11D3-BF4B-00C04F79EFBC}") = "Configurator", "Configurator.csproj", "{A926BB6C-EEA8-4F2B-AF18-ACE8E12267E9}"
EndProject
Project("{9A19103F-16F7-4668-BE54-9A1E7A4F7556}") = "DataStructures", "..\..\libs\DataStructures\DataStructures.csproj", "{DF2E981D-D758-491A-BF05-8A9CC11A6627}"
EndProject
Global
	GlobalSection(SolutionConfigurationPlatforms) = preSolution
		Debug|Any CPU = Debug|Any CPU
		Release|Any CPU = Release|Any CPU
	EndGlobalSection
	GlobalSection(ProjectConfigurationPlatforms) = postSolution
		{A926BB6C-EEA8-4F2B-AF18-ACE8E12267E9}.Debug|Any CPU.ActiveCfg = Debug|Any CPU
		{A926BB6C-EEA8-4F2B-AF18-ACE8E12267E9}.Debug|Any CPU.Build.0 = Debug|Any CPU
		{A926BB6C-EEA8-4F2B-AF18-ACE8E12267E9}.Release|Any CPU.ActiveCfg = Release|Any CPU
		{A926BB6C-EEA8-4F2B-AF18-ACE8E12267E9}.Release|Any CPU.Build.0 = Release|Any CPU
		{DF2E981D-D758-491A-BF05-8A9CC11A6627}.Debug|Any CPU.ActiveCfg = Debug|Any CPU
		{DF2E981D-D758-491A-BF05-8A9CC11A6627}.Debug|Any CPU.Build.0 = Debug|Any CPU
		{DF2E981D-D758-491A-BF05-8A9CC11A6627}.Release|Any CPU.ActiveCfg = Release|Any CPU
		{DF2E981D-D758-491A-BF05-8A9CC11A6627}.Release|Any CPU.Build.0 = Release|Any CPU
	EndGlobalSection
	GlobalSection(SolutionProperties) = preSolution
		HideSolutionNode = FALSE
	EndGlobalSection
	GlobalSection(ExtensibilityGlobals) = postSolution
		SolutionGuid = {43F76883-15F8-4EAB-A005-1658AA28C1E4}
	EndGlobalSection
EndGlobal
