
Microsoft Visual Studio Solution File, Format Version 12.00
# Visual Studio Version 17
VisualStudioVersion = 17.0.32112.339
MinimumVisualStudioVersion = 10.0.40219.1
Project("{FAE04EC0-301F-11D3-BF4B-00C04F79EFBC}") = "ConsoleGrpcClient", "ConsoleGrpcClient.csproj", "{019CB9B1-AF00-4434-BF90-2757B9CA2D88}"
EndProject
Global
	GlobalSection(SolutionConfigurationPlatforms) = preSolution
		Debug|Any CPU = Debug|Any CPU
		Release|Any CPU = Release|Any CPU
	EndGlobalSection
	GlobalSection(ProjectConfigurationPlatforms) = postSolution
		{019CB9B1-AF00-4434-BF90-2757B9CA2D88}.Debug|Any CPU.ActiveCfg = Debug|Any CPU
		{019CB9B1-AF00-4434-BF90-2757B9CA2D88}.Debug|Any CPU.Build.0 = Debug|Any CPU
		{019CB9B1-AF00-4434-BF90-2757B9CA2D88}.Release|Any CPU.ActiveCfg = Release|Any CPU
		{019CB9B1-AF00-4434-BF90-2757B9CA2D88}.Release|Any CPU.Build.0 = Release|Any CPU
	EndGlobalSection
	GlobalSection(SolutionProperties) = preSolution
		HideSolutionNode = FALSE
	EndGlobalSection
	GlobalSection(ExtensibilityGlobals) = postSolution
		SolutionGuid = {09F221E1-26B0-4DD9-9605-38D9C754F913}
	EndGlobalSection
EndGlobal
