
Microsoft Visual Studio Solution File, Format Version 12.00
# Visual Studio Version 17
VisualStudioVersion = 17.0.31919.166
MinimumVisualStudioVersion = 10.0.40219.1
Project("{9A19103F-16F7-4668-BE54-9A1E7A4F7556}") = "WA4D0GServer", "WA4D0GServer.csproj", "{AB3114EC-C790-43CE-948A-01BE031E5612}"
EndProject
Project("{9A19103F-16F7-4668-BE54-9A1E7A4F7556}") = "ElectronicDigitalSignature.Models", "..\ElectronicDigitalSignature.Models\ElectronicDigitalSignature.Models.csproj", "{1701F277-FF96-4327-85FF-BF888915B127}"
EndProject
Project("{9A19103F-16F7-4668-BE54-9A1E7A4F7556}") = "ElectronicDigitalSignature.Services", "..\ElectronicDigitalSignature.Services\ElectronicDigitalSignature.Services.csproj", "{F9A7912C-FA3F-40B1-BF7B-706F0EF13ECB}"
EndProject
Global
	GlobalSection(SolutionConfigurationPlatforms) = preSolution
		Debug|Any CPU = Debug|Any CPU
		Release|Any CPU = Release|Any CPU
	EndGlobalSection
	GlobalSection(ProjectConfigurationPlatforms) = postSolution
		{AB3114EC-C790-43CE-948A-01BE031E5612}.Debug|Any CPU.ActiveCfg = Debug|Any CPU
		{AB3114EC-C790-43CE-948A-01BE031E5612}.Debug|Any CPU.Build.0 = Debug|Any CPU
		{AB3114EC-C790-43CE-948A-01BE031E5612}.Release|Any CPU.ActiveCfg = Release|Any CPU
		{AB3114EC-C790-43CE-948A-01BE031E5612}.Release|Any CPU.Build.0 = Release|Any CPU
		{1701F277-FF96-4327-85FF-BF888915B127}.Debug|Any CPU.ActiveCfg = Debug|Any CPU
		{1701F277-FF96-4327-85FF-BF888915B127}.Debug|Any CPU.Build.0 = Debug|Any CPU
		{1701F277-FF96-4327-85FF-BF888915B127}.Release|Any CPU.ActiveCfg = Release|Any CPU
		{1701F277-FF96-4327-85FF-BF888915B127}.Release|Any CPU.Build.0 = Release|Any CPU
		{F9A7912C-FA3F-40B1-BF7B-706F0EF13ECB}.Debug|Any CPU.ActiveCfg = Debug|Any CPU
		{F9A7912C-FA3F-40B1-BF7B-706F0EF13ECB}.Debug|Any CPU.Build.0 = Debug|Any CPU
		{F9A7912C-FA3F-40B1-BF7B-706F0EF13ECB}.Release|Any CPU.ActiveCfg = Release|Any CPU
		{F9A7912C-FA3F-40B1-BF7B-706F0EF13ECB}.Release|Any CPU.Build.0 = Release|Any CPU
	EndGlobalSection
	GlobalSection(SolutionProperties) = preSolution
		HideSolutionNode = FALSE
	EndGlobalSection
	GlobalSection(ExtensibilityGlobals) = postSolution
		SolutionGuid = {8FD4A7FB-3C25-4193-97F5-C0742BEB2D86}
	EndGlobalSection
EndGlobal
