
Microsoft Visual Studio Solution File, Format Version 12.00
# Visual Studio Version 17
VisualStudioVersion = 17.1.32210.238
MinimumVisualStudioVersion = 10.0.40219.1
Project("{9A19103F-16F7-4668-BE54-9A1E7A4F7556}") = "WebApi", "WebApi.csproj", "{67E74AB3-B914-4CD5-BC78-C90BF3036B8B}"
EndProject
Project("{9A19103F-16F7-4668-BE54-9A1E7A4F7556}") = "ElectronicDigitalSignature.Models", "..\..\libs\ElectronicDigitalSignature.Models\ElectronicDigitalSignature.Models.csproj", "{59B3459F-52EF-4210-9301-7606109EEEE2}"
EndProject
Project("{9A19103F-16F7-4668-BE54-9A1E7A4F7556}") = "ElectronicDigitalSignature.Services", "..\..\libs\ElectronicDigitalSignature.Services\ElectronicDigitalSignature.Services.csproj", "{D1EA57BB-8B78-4DCE-828A-5CAE5302FA11}"
EndProject
Project("{9A19103F-16F7-4668-BE54-9A1E7A4F7556}") = "HostsRegistrationService.Models", "..\..\libs\HostsRegistrationService.Models\HostsRegistrationService.Models.csproj", "{8CBAD265-4627-484F-BD06-250C8F9CD277}"
EndProject
Project("{9A19103F-16F7-4668-BE54-9A1E7A4F7556}") = "HostsRegistrationService.Services", "..\..\libs\HostsRegistrationService.Services\HostsRegistrationService.Services.csproj", "{D940E549-8760-4695-BE15-EF1FEE786171}"
EndProject
Global
	GlobalSection(SolutionConfigurationPlatforms) = preSolution
		Debug|Any CPU = Debug|Any CPU
		Release|Any CPU = Release|Any CPU
	EndGlobalSection
	GlobalSection(ProjectConfigurationPlatforms) = postSolution
		{67E74AB3-B914-4CD5-BC78-C90BF3036B8B}.Debug|Any CPU.ActiveCfg = Debug|Any CPU
		{67E74AB3-B914-4CD5-BC78-C90BF3036B8B}.Debug|Any CPU.Build.0 = Debug|Any CPU
		{67E74AB3-B914-4CD5-BC78-C90BF3036B8B}.Release|Any CPU.ActiveCfg = Release|Any CPU
		{67E74AB3-B914-4CD5-BC78-C90BF3036B8B}.Release|Any CPU.Build.0 = Release|Any CPU
		{59B3459F-52EF-4210-9301-7606109EEEE2}.Debug|Any CPU.ActiveCfg = Debug|Any CPU
		{59B3459F-52EF-4210-9301-7606109EEEE2}.Debug|Any CPU.Build.0 = Debug|Any CPU
		{59B3459F-52EF-4210-9301-7606109EEEE2}.Release|Any CPU.ActiveCfg = Release|Any CPU
		{59B3459F-52EF-4210-9301-7606109EEEE2}.Release|Any CPU.Build.0 = Release|Any CPU
		{D1EA57BB-8B78-4DCE-828A-5CAE5302FA11}.Debug|Any CPU.ActiveCfg = Debug|Any CPU
		{D1EA57BB-8B78-4DCE-828A-5CAE5302FA11}.Debug|Any CPU.Build.0 = Debug|Any CPU
		{D1EA57BB-8B78-4DCE-828A-5CAE5302FA11}.Release|Any CPU.ActiveCfg = Release|Any CPU
		{D1EA57BB-8B78-4DCE-828A-5CAE5302FA11}.Release|Any CPU.Build.0 = Release|Any CPU
		{8CBAD265-4627-484F-BD06-250C8F9CD277}.Debug|Any CPU.ActiveCfg = Debug|Any CPU
		{8CBAD265-4627-484F-BD06-250C8F9CD277}.Debug|Any CPU.Build.0 = Debug|Any CPU
		{8CBAD265-4627-484F-BD06-250C8F9CD277}.Release|Any CPU.ActiveCfg = Release|Any CPU
		{8CBAD265-4627-484F-BD06-250C8F9CD277}.Release|Any CPU.Build.0 = Release|Any CPU
		{D940E549-8760-4695-BE15-EF1FEE786171}.Debug|Any CPU.ActiveCfg = Debug|Any CPU
		{D940E549-8760-4695-BE15-EF1FEE786171}.Debug|Any CPU.Build.0 = Debug|Any CPU
		{D940E549-8760-4695-BE15-EF1FEE786171}.Release|Any CPU.ActiveCfg = Release|Any CPU
		{D940E549-8760-4695-BE15-EF1FEE786171}.Release|Any CPU.Build.0 = Release|Any CPU
	EndGlobalSection
	GlobalSection(SolutionProperties) = preSolution
		HideSolutionNode = FALSE
	EndGlobalSection
	GlobalSection(ExtensibilityGlobals) = postSolution
		SolutionGuid = {89F501DF-E213-479D-8FB5-784C9DD46C5B}
	EndGlobalSection
EndGlobal
