
Microsoft Visual Studio Solution File, Format Version 12.00
# Visual Studio Version 17
VisualStudioVersion = 17.1.32210.238
MinimumVisualStudioVersion = 10.0.40219.1
Project("{FAE04EC0-301F-11D3-BF4B-00C04F79EFBC}") = "ObserverConfigurator", "ObserverConfigurator.csproj", "{4733987E-08CA-46FB-A0CD-B0FE365269BA}"
EndProject
Project("{9A19103F-16F7-4668-BE54-9A1E7A4F7556}") = "DataStructures", "..\..\libs\DataStructures\DataStructures.csproj", "{461F72D4-3005-449C-B858-510F7907577E}"
EndProject
Global
	GlobalSection(SolutionConfigurationPlatforms) = preSolution
		Debug|Any CPU = Debug|Any CPU
		Release|Any CPU = Release|Any CPU
	EndGlobalSection
	GlobalSection(ProjectConfigurationPlatforms) = postSolution
		{4733987E-08CA-46FB-A0CD-B0FE365269BA}.Debug|Any CPU.ActiveCfg = Debug|Any CPU
		{4733987E-08CA-46FB-A0CD-B0FE365269BA}.Debug|Any CPU.Build.0 = Debug|Any CPU
		{4733987E-08CA-46FB-A0CD-B0FE365269BA}.Release|Any CPU.ActiveCfg = Release|Any CPU
		{4733987E-08CA-46FB-A0CD-B0FE365269BA}.Release|Any CPU.Build.0 = Release|Any CPU
		{461F72D4-3005-449C-B858-510F7907577E}.Debug|Any CPU.ActiveCfg = Debug|Any CPU
		{461F72D4-3005-449C-B858-510F7907577E}.Debug|Any CPU.Build.0 = Debug|Any CPU
		{461F72D4-3005-449C-B858-510F7907577E}.Release|Any CPU.ActiveCfg = Release|Any CPU
		{461F72D4-3005-449C-B858-510F7907577E}.Release|Any CPU.Build.0 = Release|Any CPU
	EndGlobalSection
	GlobalSection(SolutionProperties) = preSolution
		HideSolutionNode = FALSE
	EndGlobalSection
	GlobalSection(ExtensibilityGlobals) = postSolution
		SolutionGuid = {B80FA9A2-3F04-44A2-8226-7006D6BDC133}
	EndGlobalSection
EndGlobal
