
Microsoft Visual Studio Solution File, Format Version 12.00
# Visual Studio Version 17
VisualStudioVersion = 17.1.32210.238
MinimumVisualStudioVersion = 10.0.40219.1
Project("{9A19103F-16F7-4668-BE54-9A1E7A4F7556}") = "ClientHostCertificateService", "ClientHostCertificateService.csproj", "{0018F89C-B9A0-41A4-B9F1-85E859CF2EC8}"
EndProject
Project("{9A19103F-16F7-4668-BE54-9A1E7A4F7556}") = "ElectronicDigitalSignature.Models", "..\..\libs\ElectronicDigitalSignature.Models\ElectronicDigitalSignature.Models.csproj", "{56C9CD19-9D5D-432F-8744-D94C9B29A731}"
EndProject
Project("{9A19103F-16F7-4668-BE54-9A1E7A4F7556}") = "ElectronicDigitalSignature.Services", "..\..\libs\ElectronicDigitalSignature.Services\ElectronicDigitalSignature.Services.csproj", "{43BF1F0D-65D5-4953-BF7C-14AF3CCF5603}"
EndProject
Project("{9A19103F-16F7-4668-BE54-9A1E7A4F7556}") = "HostsRegistrationService.Models", "..\..\libs\HostsRegistrationService.Models\HostsRegistrationService.Models.csproj", "{7A195A71-657A-4506-8CA5-433BB804D679}"
EndProject
Project("{9A19103F-16F7-4668-BE54-9A1E7A4F7556}") = "HostsRegistrationService.Services", "..\..\libs\HostsRegistrationService.Services\HostsRegistrationService.Services.csproj", "{AB369132-039D-42C6-BA08-A04894A0FE9D}"
EndProject
Project("{FAE04EC0-301F-11D3-BF4B-00C04F79EFBC}") = "ClientHostCertificateService.Models", "..\..\libs\ClientHostCertificateService.Models\ClientHostCertificateService.Models.csproj", "{C719F9C3-9D47-4754-B7F3-214EB46505DE}"
EndProject
Project("{FAE04EC0-301F-11D3-BF4B-00C04F79EFBC}") = "ClientHostCertificateService.Services", "..\..\libs\ClientHostCertificateService.Services\ClientHostCertificateService.Services.csproj", "{0F6180BA-0244-473D-8AED-31A6D5F7B414}"
EndProject
Global
	GlobalSection(SolutionConfigurationPlatforms) = preSolution
		Debug|Any CPU = Debug|Any CPU
		Release|Any CPU = Release|Any CPU
	EndGlobalSection
	GlobalSection(ProjectConfigurationPlatforms) = postSolution
		{0018F89C-B9A0-41A4-B9F1-85E859CF2EC8}.Debug|Any CPU.ActiveCfg = Debug|Any CPU
		{0018F89C-B9A0-41A4-B9F1-85E859CF2EC8}.Debug|Any CPU.Build.0 = Debug|Any CPU
		{0018F89C-B9A0-41A4-B9F1-85E859CF2EC8}.Release|Any CPU.ActiveCfg = Release|Any CPU
		{0018F89C-B9A0-41A4-B9F1-85E859CF2EC8}.Release|Any CPU.Build.0 = Release|Any CPU
		{56C9CD19-9D5D-432F-8744-D94C9B29A731}.Debug|Any CPU.ActiveCfg = Debug|Any CPU
		{56C9CD19-9D5D-432F-8744-D94C9B29A731}.Debug|Any CPU.Build.0 = Debug|Any CPU
		{56C9CD19-9D5D-432F-8744-D94C9B29A731}.Release|Any CPU.ActiveCfg = Release|Any CPU
		{56C9CD19-9D5D-432F-8744-D94C9B29A731}.Release|Any CPU.Build.0 = Release|Any CPU
		{43BF1F0D-65D5-4953-BF7C-14AF3CCF5603}.Debug|Any CPU.ActiveCfg = Debug|Any CPU
		{43BF1F0D-65D5-4953-BF7C-14AF3CCF5603}.Debug|Any CPU.Build.0 = Debug|Any CPU
		{43BF1F0D-65D5-4953-BF7C-14AF3CCF5603}.Release|Any CPU.ActiveCfg = Release|Any CPU
		{43BF1F0D-65D5-4953-BF7C-14AF3CCF5603}.Release|Any CPU.Build.0 = Release|Any CPU
		{7A195A71-657A-4506-8CA5-433BB804D679}.Debug|Any CPU.ActiveCfg = Debug|Any CPU
		{7A195A71-657A-4506-8CA5-433BB804D679}.Debug|Any CPU.Build.0 = Debug|Any CPU
		{7A195A71-657A-4506-8CA5-433BB804D679}.Release|Any CPU.ActiveCfg = Release|Any CPU
		{7A195A71-657A-4506-8CA5-433BB804D679}.Release|Any CPU.Build.0 = Release|Any CPU
		{AB369132-039D-42C6-BA08-A04894A0FE9D}.Debug|Any CPU.ActiveCfg = Debug|Any CPU
		{AB369132-039D-42C6-BA08-A04894A0FE9D}.Debug|Any CPU.Build.0 = Debug|Any CPU
		{AB369132-039D-42C6-BA08-A04894A0FE9D}.Release|Any CPU.ActiveCfg = Release|Any CPU
		{AB369132-039D-42C6-BA08-A04894A0FE9D}.Release|Any CPU.Build.0 = Release|Any CPU
		{C719F9C3-9D47-4754-B7F3-214EB46505DE}.Debug|Any CPU.ActiveCfg = Debug|Any CPU
		{C719F9C3-9D47-4754-B7F3-214EB46505DE}.Debug|Any CPU.Build.0 = Debug|Any CPU
		{C719F9C3-9D47-4754-B7F3-214EB46505DE}.Release|Any CPU.ActiveCfg = Release|Any CPU
		{C719F9C3-9D47-4754-B7F3-214EB46505DE}.Release|Any CPU.Build.0 = Release|Any CPU
		{0F6180BA-0244-473D-8AED-31A6D5F7B414}.Debug|Any CPU.ActiveCfg = Debug|Any CPU
		{0F6180BA-0244-473D-8AED-31A6D5F7B414}.Debug|Any CPU.Build.0 = Debug|Any CPU
		{0F6180BA-0244-473D-8AED-31A6D5F7B414}.Release|Any CPU.ActiveCfg = Release|Any CPU
		{0F6180BA-0244-473D-8AED-31A6D5F7B414}.Release|Any CPU.Build.0 = Release|Any CPU
	EndGlobalSection
	GlobalSection(SolutionProperties) = preSolution
		HideSolutionNode = FALSE
	EndGlobalSection
	GlobalSection(ExtensibilityGlobals) = postSolution
		SolutionGuid = {E3FCB717-8561-4E30-92A2-D4926B4E37F0}
	EndGlobalSection
EndGlobal
