
Microsoft Visual Studio Solution File, Format Version 12.00
# Visual Studio Version 17
VisualStudioVersion = 17.1.32407.343
MinimumVisualStudioVersion = 10.0.40219.1
Project("{FAE04EC0-301F-11D3-BF4B-00C04F79EFBC}") = "NetworkOperators.Identity", "NetworkOperators.Identity.csproj", "{6C2CEB3F-E904-48CB-87B1-9F2C934687AC}"
EndProject
Project("{9A19103F-16F7-4668-BE54-9A1E7A4F7556}") = "Tools", "..\Tools\Tools.csproj", "{6747F066-7986-4A88-8D55-9D9E24345B24}"
EndProject
Global
	GlobalSection(SolutionConfigurationPlatforms) = preSolution
		Debug|Any CPU = Debug|Any CPU
		Release|Any CPU = Release|Any CPU
	EndGlobalSection
	GlobalSection(ProjectConfigurationPlatforms) = postSolution
		{6C2CEB3F-E904-48CB-87B1-9F2C934687AC}.Debug|Any CPU.ActiveCfg = Debug|Any CPU
		{6C2CEB3F-E904-48CB-87B1-9F2C934687AC}.Debug|Any CPU.Build.0 = Debug|Any CPU
		{6C2CEB3F-E904-48CB-87B1-9F2C934687AC}.Release|Any CPU.ActiveCfg = Release|Any CPU
		{6C2CEB3F-E904-48CB-87B1-9F2C934687AC}.Release|Any CPU.Build.0 = Release|Any CPU
		{6747F066-7986-4A88-8D55-9D9E24345B24}.Debug|Any CPU.ActiveCfg = Debug|Any CPU
		{6747F066-7986-4A88-8D55-9D9E24345B24}.Debug|Any CPU.Build.0 = Debug|Any CPU
		{6747F066-7986-4A88-8D55-9D9E24345B24}.Release|Any CPU.ActiveCfg = Release|Any CPU
		{6747F066-7986-4A88-8D55-9D9E24345B24}.Release|Any CPU.Build.0 = Release|Any CPU
	EndGlobalSection
	GlobalSection(SolutionProperties) = preSolution
		HideSolutionNode = FALSE
	EndGlobalSection
	GlobalSection(ExtensibilityGlobals) = postSolution
		SolutionGuid = {21C72331-9D28-4582-B93B-78C1DFA44A24}
	EndGlobalSection
EndGlobal
