
Microsoft Visual Studio Solution File, Format Version 12.00
# Visual Studio Version 17
VisualStudioVersion = 17.1.32407.343
MinimumVisualStudioVersion = 10.0.40219.1
Project("{FAE04EC0-301F-11D3-BF4B-00C04F79EFBC}") = "X509KeysVault.Repositories", "X509KeysVault.Repositories.csproj", "{394D6552-F2CA-4F6C-A27D-D41F35523C93}"
EndProject
Project("{9A19103F-16F7-4668-BE54-9A1E7A4F7556}") = "X509KeysVault.Entities", "..\X509KeysVault.Entities\X509KeysVault.Entities.csproj", "{9B2A0D54-E2D1-4CAA-B4BE-269BC88127EB}"
EndProject
Project("{9A19103F-16F7-4668-BE54-9A1E7A4F7556}") = "Tools", "..\Tools\Tools.csproj", "{A1FE29AA-016F-45C0-8BF7-449824BDDD9D}"
EndProject
Global
	GlobalSection(SolutionConfigurationPlatforms) = preSolution
		Debug|Any CPU = Debug|Any CPU
		Release|Any CPU = Release|Any CPU
	EndGlobalSection
	GlobalSection(ProjectConfigurationPlatforms) = postSolution
		{394D6552-F2CA-4F6C-A27D-D41F35523C93}.Debug|Any CPU.ActiveCfg = Debug|Any CPU
		{394D6552-F2CA-4F6C-A27D-D41F35523C93}.Debug|Any CPU.Build.0 = Debug|Any CPU
		{394D6552-F2CA-4F6C-A27D-D41F35523C93}.Release|Any CPU.ActiveCfg = Release|Any CPU
		{394D6552-F2CA-4F6C-A27D-D41F35523C93}.Release|Any CPU.Build.0 = Release|Any CPU
		{9B2A0D54-E2D1-4CAA-B4BE-269BC88127EB}.Debug|Any CPU.ActiveCfg = Debug|Any CPU
		{9B2A0D54-E2D1-4CAA-B4BE-269BC88127EB}.Debug|Any CPU.Build.0 = Debug|Any CPU
		{9B2A0D54-E2D1-4CAA-B4BE-269BC88127EB}.Release|Any CPU.ActiveCfg = Release|Any CPU
		{9B2A0D54-E2D1-4CAA-B4BE-269BC88127EB}.Release|Any CPU.Build.0 = Release|Any CPU
		{A1FE29AA-016F-45C0-8BF7-449824BDDD9D}.Debug|Any CPU.ActiveCfg = Debug|Any CPU
		{A1FE29AA-016F-45C0-8BF7-449824BDDD9D}.Debug|Any CPU.Build.0 = Debug|Any CPU
		{A1FE29AA-016F-45C0-8BF7-449824BDDD9D}.Release|Any CPU.ActiveCfg = Release|Any CPU
		{A1FE29AA-016F-45C0-8BF7-449824BDDD9D}.Release|Any CPU.Build.0 = Release|Any CPU
	EndGlobalSection
	GlobalSection(SolutionProperties) = preSolution
		HideSolutionNode = FALSE
	EndGlobalSection
	GlobalSection(ExtensibilityGlobals) = postSolution
		SolutionGuid = {0588D2AE-B081-49E2-9111-98B1AA253635}
	EndGlobalSection
EndGlobal
