
Microsoft Visual Studio Solution File, Format Version 12.00
# Visual Studio Version 17
VisualStudioVersion = 17.1.32328.378
MinimumVisualStudioVersion = 10.0.40219.1
Project("{FAE04EC0-301F-11D3-BF4B-00C04F79EFBC}") = "X509ObserverAdminPanel", "X509ObserverAdminPanel.csproj", "{DA02FCFA-B649-4265-985A-51F765364D16}"
EndProject
Global
	GlobalSection(SolutionConfigurationPlatforms) = preSolution
		Debug|Any CPU = Debug|Any CPU
		Release|Any CPU = Release|Any CPU
	EndGlobalSection
	GlobalSection(ProjectConfigurationPlatforms) = postSolution
		{DA02FCFA-B649-4265-985A-51F765364D16}.Debug|Any CPU.ActiveCfg = Debug|Any CPU
		{DA02FCFA-B649-4265-985A-51F765364D16}.Debug|Any CPU.Build.0 = Debug|Any CPU
		{DA02FCFA-B649-4265-985A-51F765364D16}.Release|Any CPU.ActiveCfg = Release|Any CPU
		{DA02FCFA-B649-4265-985A-51F765364D16}.Release|Any CPU.Build.0 = Release|Any CPU
	EndGlobalSection
	GlobalSection(SolutionProperties) = preSolution
		HideSolutionNode = FALSE
	EndGlobalSection
	GlobalSection(ExtensibilityGlobals) = postSolution
		SolutionGuid = {591E75D3-EE97-41EE-B71C-9364DFDE020A}
	EndGlobalSection
EndGlobal
