
Microsoft Visual Studio Solution File, Format Version 12.00
# Visual Studio Version 17
VisualStudioVersion = 17.0.32112.339
MinimumVisualStudioVersion = 10.0.40219.1
Project("{9A19103F-16F7-4668-BE54-9A1E7A4F7556}") = "WA4D0GGrpcService", "WA4D0GGrpcService.csproj", "{356FB33E-14EC-46C7-9318-318800CCD7CA}"
EndProject
Project("{9A19103F-16F7-4668-BE54-9A1E7A4F7556}") = "ElectronicDigitalSignature.Models", "..\..\..\ClassLibs\ElectronicDigitalSignature.Models\ElectronicDigitalSignature.Models.csproj", "{CAF4EFC1-1673-4D00-BF8E-FA418087121F}"
EndProject
Project("{9A19103F-16F7-4668-BE54-9A1E7A4F7556}") = "ElectronicDigitalSignature.Services", "..\..\..\ClassLibs\ElectronicDigitalSignature.Services\ElectronicDigitalSignature.Services.csproj", "{1692136E-9A24-4325-A30F-A303677F2D18}"
EndProject
Global
	GlobalSection(SolutionConfigurationPlatforms) = preSolution
		Debug|Any CPU = Debug|Any CPU
		Release|Any CPU = Release|Any CPU
	EndGlobalSection
	GlobalSection(ProjectConfigurationPlatforms) = postSolution
		{356FB33E-14EC-46C7-9318-318800CCD7CA}.Debug|Any CPU.ActiveCfg = Debug|Any CPU
		{356FB33E-14EC-46C7-9318-318800CCD7CA}.Debug|Any CPU.Build.0 = Debug|Any CPU
		{356FB33E-14EC-46C7-9318-318800CCD7CA}.Release|Any CPU.ActiveCfg = Release|Any CPU
		{356FB33E-14EC-46C7-9318-318800CCD7CA}.Release|Any CPU.Build.0 = Release|Any CPU
		{CAF4EFC1-1673-4D00-BF8E-FA418087121F}.Debug|Any CPU.ActiveCfg = Debug|Any CPU
		{CAF4EFC1-1673-4D00-BF8E-FA418087121F}.Debug|Any CPU.Build.0 = Debug|Any CPU
		{CAF4EFC1-1673-4D00-BF8E-FA418087121F}.Release|Any CPU.ActiveCfg = Release|Any CPU
		{CAF4EFC1-1673-4D00-BF8E-FA418087121F}.Release|Any CPU.Build.0 = Release|Any CPU
		{1692136E-9A24-4325-A30F-A303677F2D18}.Debug|Any CPU.ActiveCfg = Debug|Any CPU
		{1692136E-9A24-4325-A30F-A303677F2D18}.Debug|Any CPU.Build.0 = Debug|Any CPU
		{1692136E-9A24-4325-A30F-A303677F2D18}.Release|Any CPU.ActiveCfg = Release|Any CPU
		{1692136E-9A24-4325-A30F-A303677F2D18}.Release|Any CPU.Build.0 = Release|Any CPU
	EndGlobalSection
	GlobalSection(SolutionProperties) = preSolution
		HideSolutionNode = FALSE
	EndGlobalSection
	GlobalSection(ExtensibilityGlobals) = postSolution
		SolutionGuid = {D7C35679-DB83-4D0E-B23C-741318A0D3E4}
	EndGlobalSection
EndGlobal
