
Microsoft Visual Studio Solution File, Format Version 12.00
# Visual Studio Version 17
VisualStudioVersion = 17.0.31919.166
MinimumVisualStudioVersion = 10.0.40219.1
Project("{9A19103F-16F7-4668-BE54-9A1E7A4F7556}") = "WA4D0GWebPanel", "WA4D0GWebPanel.csproj", "{5F9F15D0-EBEF-4258-A903-F89F230E745A}"
EndProject
Project("{9A19103F-16F7-4668-BE54-9A1E7A4F7556}") = "ElectronicDigitalSignature.Models", "..\..\libs\ElectronicDigitalSignature.Models\ElectronicDigitalSignature.Models.csproj", "{227077F5-993E-4013-9861-A37D3E7CD063}"
EndProject
Project("{9A19103F-16F7-4668-BE54-9A1E7A4F7556}") = "ElectronicDigitalSignature.Services", "..\..\libs\ElectronicDigitalSignature.Services\ElectronicDigitalSignature.Services.csproj", "{CEBF5A38-5F15-4C24-8EAF-C0930236266A}"
EndProject
Global
	GlobalSection(SolutionConfigurationPlatforms) = preSolution
		Debug|Any CPU = Debug|Any CPU
		Release|Any CPU = Release|Any CPU
	EndGlobalSection
	GlobalSection(ProjectConfigurationPlatforms) = postSolution
		{5F9F15D0-EBEF-4258-A903-F89F230E745A}.Debug|Any CPU.ActiveCfg = Debug|Any CPU
		{5F9F15D0-EBEF-4258-A903-F89F230E745A}.Debug|Any CPU.Build.0 = Debug|Any CPU
		{5F9F15D0-EBEF-4258-A903-F89F230E745A}.Release|Any CPU.ActiveCfg = Release|Any CPU
		{5F9F15D0-EBEF-4258-A903-F89F230E745A}.Release|Any CPU.Build.0 = Release|Any CPU
		{227077F5-993E-4013-9861-A37D3E7CD063}.Debug|Any CPU.ActiveCfg = Debug|Any CPU
		{227077F5-993E-4013-9861-A37D3E7CD063}.Debug|Any CPU.Build.0 = Debug|Any CPU
		{227077F5-993E-4013-9861-A37D3E7CD063}.Release|Any CPU.ActiveCfg = Release|Any CPU
		{227077F5-993E-4013-9861-A37D3E7CD063}.Release|Any CPU.Build.0 = Release|Any CPU
		{CEBF5A38-5F15-4C24-8EAF-C0930236266A}.Debug|Any CPU.ActiveCfg = Debug|Any CPU
		{CEBF5A38-5F15-4C24-8EAF-C0930236266A}.Debug|Any CPU.Build.0 = Debug|Any CPU
		{CEBF5A38-5F15-4C24-8EAF-C0930236266A}.Release|Any CPU.ActiveCfg = Release|Any CPU
		{CEBF5A38-5F15-4C24-8EAF-C0930236266A}.Release|Any CPU.Build.0 = Release|Any CPU
	EndGlobalSection
	GlobalSection(SolutionProperties) = preSolution
		HideSolutionNode = FALSE
	EndGlobalSection
	GlobalSection(ExtensibilityGlobals) = postSolution
		SolutionGuid = {8376F5A7-7AB6-43BA-9202-444734C3340E}
	EndGlobalSection
EndGlobal
